
Microsoft Visual Studio Solution File, Format Version 12.00
# SQL Server Management Studio Version 21
VisualStudioVersion = 17.14.36429.23
MinimumVisualStudioVersion = 10.0.40219.1
Project("{4F2E2C19-372F-40D8-9FA7-9D2138C6997A}") = "LCR_EXECUTION", "LCR_EXECUTION\LCR_EXECUTION.ssmssqlproj", "{6A4979C7-722E-2A50-2BD2-1B1B1CCBDDE3}"
EndProject
Project("{4F2E2C19-372F-40D8-9FA7-9D2138C6997A}") = "INFLOWS_EXECUTION", "INFLOWS_EXECUTION\INFLOWS_EXECUTION.ssmssqlproj", "{F7C67693-893D-1C70-AE4D-7833074259B7}"
EndProject
Global
	GlobalSection(SolutionConfigurationPlatforms) = preSolution
		Default|Default = Default|Default
	EndGlobalSection
	GlobalSection(ProjectConfigurationPlatforms) = postSolution
		{6A4979C7-722E-2A50-2BD2-1B1B1CCBDDE3}.Default|Default.ActiveCfg = Default
		{54687D15-C3F3-478B-8088-68ABE560B415}.Default|Default.ActiveCfg = Default
		{F7C67693-893D-1C70-AE4D-7833074259B7}.Default|Default.ActiveCfg = Default
	EndGlobalSection
	GlobalSection(SolutionProperties) = preSolution
		HideSolutionNode = FALSE
	EndGlobalSection
	GlobalSection(ExtensibilityGlobals) = postSolution
		SolutionGuid = {8238A765-C111-42EF-859C-68E6034CA0D6}
	EndGlobalSection
EndGlobal
